// !$*UTF8*$!
{
	archiveVersion = 1;
	classes = {
	};
	objectVersion = 56;
	objects = {

/* Begin PBXBuildFile section */
		910567F62DC6928200A61168 /* WishlistApp.swift in Sources */ = {isa = PBXBuildFile; fileRef = 910567F52DC6928200A61168 /* WishlistApp.swift */; };
		910567F82DC6928200A61168 /* ContentView.swift in Sources */ = {isa = PBXBuildFile; fileRef = 910567F72DC6928200A61168 /* ContentView.swift */; };
		910567FA2DC6928400A61168 /* Assets.xcassets in Resources */ = {isa = PBXBuildFile; fileRef = 910567F92DC6928400A61168 /* Assets.xcassets */; };
		910567FD2DC6928400A61168 /* Preview Assets.xcassets in Resources */ = {isa = PBXBuildFile; fileRef = 910567FC2DC6928400A61168 /* Preview Assets.xcassets */; };
		910568072DC6928400A61168 /* WishlistTests.swift in Sources */ = {isa = PBXBuildFile; fileRef = 910568062DC6928400A61168 /* WishlistTests.swift */; };
		910568112DC6928400A61168 /* WishlistUITests.swift in Sources */ = {isa = PBXBuildFile; fileRef = 910568102DC6928400A61168 /* WishlistUITests.swift */; };
		910568132DC6928400A61168 /* WishlistUITestsLaunchTests.swift in Sources */ = {isa = PBXBuildFile; fileRef = 910568122DC6928400A61168 /* WishlistUITestsLaunchTests.swift */; };
/* End PBXBuildFile section */

/* Begin PBXContainerItemProxy section */
		910568032DC6928400A61168 /* PBXContainerItemProxy */ = {
			isa = PBXContainerItemProxy;
			containerPortal = 910567EA2DC6928200A61168 /* Project object */;
			proxyType = 1;
			remoteGlobalIDString = 910567F12DC6928200A61168;
			remoteInfo = Wishlist;
		};
		9105680D2DC6928400A61168 /* PBXContainerItemProxy */ = {
			isa = PBXContainerItemProxy;
			containerPortal = 910567EA2DC6928200A61168 /* Project object */;
			proxyType = 1;
			remoteGlobalIDString = 910567F12DC6928200A61168;
			remoteInfo = Wishlist;
		};
/* End PBXContainerItemProxy section */

/* Begin PBXFileReference section */
		910567F22DC6928200A61168 /* Wishlist.app */ = {isa = PBXFileReference; explicitFileType = wrapper.application; includeInIndex = 0; path = Wishlist.app; sourceTree = BUILT_PRODUCTS_DIR; };
		910567F52DC6928200A61168 /* WishlistApp.swift */ = {isa = PBXFileReference; lastKnownFileType = sourcecode.swift; path = WishlistApp.swift; sourceTree = "<group>"; };
		910567F72DC6928200A61168 /* ContentView.swift */ = {isa = PBXFileReference; lastKnownFileType = sourcecode.swift; path = ContentView.swift; sourceTree = "<group>"; };
		910567F92DC6928400A61168 /* Assets.xcassets */ = {isa = PBXFileReference; lastKnownFileType = folder.assetcatalog; path = Assets.xcassets; sourceTree = "<group>"; };
		910567FC2DC6928400A61168 /* Preview Assets.xcassets */ = {isa = PBXFileReference; lastKnownFileType = folder.assetcatalog; path = "Preview Assets.xcassets"; sourceTree = "<group>"; };
		910568022DC6928400A61168 /* WishlistTests.xctest */ = {isa = PBXFileReference; explicitFileType = wrapper.cfbundle; includeInIndex = 0; path = WishlistTests.xctest; sourceTree = BUILT_PRODUCTS_DIR; };
		910568062DC6928400A61168 /* WishlistTests.swift */ = {isa = PBXFileReference; lastKnownFileType = sourcecode.swift; path = WishlistTests.swift; sourceTree = "<group>"; };
		9105680C2DC6928400A61168 /* WishlistUITests.xctest */ = {isa = PBXFileReference; explicitFileType = wrapper.cfbundle; includeInIndex = 0; path = WishlistUITests.xctest; sourceTree = BUILT_PRODUCTS_DIR; };
		910568102DC6928400A61168 /* WishlistUITests.swift */ = {isa = PBXFileReference; lastKnownFileType = sourcecode.swift; path = WishlistUITests.swift; sourceTree = "<group>"; };
		910568122DC6928400A61168 /* WishlistUITestsLaunchTests.swift */ = {isa = PBXFileReference; lastKnownFileType = sourcecode.swift; path = WishlistUITestsLaunchTests.swift; sourceTree = "<group>"; };
/* End PBXFileReference section */

/* Begin PBXFrameworksBuildPhase section */
		910567EF2DC6928200A61168 /* Frameworks */ = {
			isa = PBXFrameworksBuildPhase;
			buildActionMask = 2147483647;
			files = (
			);
			runOnlyForDeploymentPostprocessing = 0;
		};
		910567FF2DC6928400A61168 /* Frameworks */ = {
			isa = PBXFrameworksBuildPhase;
			buildActionMask = 2147483647;
			files = (
			);
			runOnlyForDeploymentPostprocessing = 0;
		};
		910568092DC6928400A61168 /* Frameworks */ = {
			isa = PBXFrameworksBuildPhase;
			buildActionMask = 2147483647;
			files = (
			);
			runOnlyForDeploymentPostprocessing = 0;
		};
/* End PBXFrameworksBuildPhase section */

/* Begin PBXGroup section */
		910567E92DC6928200A61168 = {
			isa = PBXGroup;
			children = (
				910567F42DC6928200A61168 /* Wishlist */,
				910568052DC6928400A61168 /* WishlistTests */,
				9105680F2DC6928400A61168 /* WishlistUITests */,
				910567F32DC6928200A61168 /* Products */,
			);
			sourceTree = "<group>";
		};
		910567F32DC6928200A61168 /* Products */ = {
			isa = PBXGroup;
			children = (
				910567F22DC6928200A61168 /* Wishlist.app */,
				910568022DC6928400A61168 /* WishlistTests.xctest */,
				9105680C2DC6928400A61168 /* WishlistUITests.xctest */,
			);
			name = Products;
			sourceTree = "<group>";
		};
		910567F42DC6928200A61168 /* Wishlist */ = {
			isa = PBXGroup;
			children = (
				910567F52DC6928200A61168 /* WishlistApp.swift */,
				910567F72DC6928200A61168 /* ContentView.swift */,
				910567F92DC6928400A61168 /* Assets.xcassets */,
				910567FB2DC6928400A61168 /* Preview Content */,
			);
			path = Wishlist;
			sourceTree = "<group>";
		};
		910567FB2DC6928400A61168 /* Preview Content */ = {
			isa = PBXGroup;
			children = (
				910567FC2DC6928400A61168 /* Preview Assets.xcassets */,
			);
			path = "Preview Content";
			sourceTree = "<group>";
		};
		910568052DC6928400A61168 /* WishlistTests */ = {
			isa = PBXGroup;
			children = (
				910568062DC6928400A61168 /* WishlistTests.swift */,
			);
			path = WishlistTests;
			sourceTree = "<group>";
		};
		9105680F2DC6928400A61168 /* WishlistUITests */ = {
			isa = PBXGroup;
			children = (
				910568102DC6928400A61168 /* WishlistUITests.swift */,
				910568122DC6928400A61168 /* WishlistUITestsLaunchTests.swift */,
			);
			path = WishlistUITests;
			sourceTree = "<group>";
		};
/* End PBXGroup section */

/* Begin PBXNativeTarget section */
		910567F12DC6928200A61168 /* Wishlist */ = {
			isa = PBXNativeTarget;
			buildConfigurationList = 910568162DC6928400A61168 /* Build configuration list for PBXNativeTarget "Wishlist" */;
			buildPhases = (
				910567EE2DC6928200A61168 /* Sources */,
				910567EF2DC6928200A61168 /* Frameworks */,
				910567F02DC6928200A61168 /* Resources */,
			);
			buildRules = (
			);
			dependencies = (
			);
			name = Wishlist;
			productName = Wishlist;
			productReference = 910567F22DC6928200A61168 /* Wishlist.app */;
			productType = "com.apple.product-type.application";
		};
		910568012DC6928400A61168 /* WishlistTests */ = {
			isa = PBXNativeTarget;
			buildConfigurationList = 910568192DC6928400A61168 /* Build configuration list for PBXNativeTarget "WishlistTests" */;
			buildPhases = (
				910567FE2DC6928400A61168 /* Sources */,
				910567FF2DC6928400A61168 /* Frameworks */,
				910568002DC6928400A61168 /* Resources */,
			);
			buildRules = (
			);
			dependencies = (
				910568042DC6928400A61168 /* PBXTargetDependency */,
			);
			name = WishlistTests;
			productName = WishlistTests;
			productReference = 910568022DC6928400A61168 /* WishlistTests.xctest */;
			productType = "com.apple.product-type.bundle.unit-test";
		};
		9105680B2DC6928400A61168 /* WishlistUITests */ = {
			isa = PBXNativeTarget;
			buildConfigurationList = 9105681C2DC6928400A61168 /* Build configuration list for PBXNativeTarget "WishlistUITests" */;
			buildPhases = (
				910568082DC6928400A61168 /* Sources */,
				910568092DC6928400A61168 /* Frameworks */,
				9105680A2DC6928400A61168 /* Resources */,
			);
			buildRules = (
			);
			dependencies = (
				9105680E2DC6928400A61168 /* PBXTargetDependency */,
			);
			name = WishlistUITests;
			productName = WishlistUITests;
			productReference = 9105680C2DC6928400A61168 /* WishlistUITests.xctest */;
			productType = "com.apple.product-type.bundle.ui-testing";
		};
/* End PBXNativeTarget section */

/* Begin PBXProject section */
		910567EA2DC6928200A61168 /* Project object */ = {
			isa = PBXProject;
			attributes = {
				BuildIndependentTargetsInParallel = 1;
				LastSwiftUpdateCheck = 1430;
				LastUpgradeCheck = 1430;
				TargetAttributes = {
					910567F12DC6928200A61168 = {
						CreatedOnToolsVersion = 14.3.1;
					};
					910568012DC6928400A61168 = {
						CreatedOnToolsVersion = 14.3.1;
						TestTargetID = 910567F12DC6928200A61168;
					};
					9105680B2DC6928400A61168 = {
						CreatedOnToolsVersion = 14.3.1;
						TestTargetID = 910567F12DC6928200A61168;
					};
				};
			};
			buildConfigurationList = 910567ED2DC6928200A61168 /* Build configuration list for PBXProject "Wishlist" */;
			compatibilityVersion = "Xcode 14.0";
			developmentRegion = en;
			hasScannedForEncodings = 0;
			knownRegions = (
				en,
				Base,
			);
			mainGroup = 910567E92DC6928200A61168;
			productRefGroup = 910567F32DC6928200A61168 /* Products */;
			projectDirPath = "";
			projectRoot = "";
			targets = (
				910567F12DC6928200A61168 /* Wishlist */,
				910568012DC6928400A61168 /* WishlistTests */,
				9105680B2DC6928400A61168 /* WishlistUITests */,
			);
		};
/* End PBXProject section */

/* Begin PBXResourcesBuildPhase section */
		910567F02DC6928200A61168 /* Resources */ = {
			isa = PBXResourcesBuildPhase;
			buildActionMask = 2147483647;
			files = (
				910567FD2DC6928400A61168 /* Preview Assets.xcassets in Resources */,
				910567FA2DC6928400A61168 /* Assets.xcassets in Resources */,
			);
			runOnlyForDeploymentPostprocessing = 0;
		};
		910568002DC6928400A61168 /* Resources */ = {
			isa = PBXResourcesBuildPhase;
			buildActionMask = 2147483647;
			files = (
			);
			runOnlyForDeploymentPostprocessing = 0;
		};
		9105680A2DC6928400A61168 /* Resources */ = {
			isa = PBXResourcesBuildPhase;
			buildActionMask = 2147483647;
			files = (
			);
			runOnlyForDeploymentPostprocessing = 0;
		};
/* End PBXResourcesBuildPhase section */

/* Begin PBXSourcesBuildPhase section */
		910567EE2DC6928200A61168 /* Sources */ = {
			isa = PBXSourcesBuildPhase;
			buildActionMask = 2147483647;
			files = (
				910567F82DC6928200A61168 /* ContentView.swift in Sources */,
				910567F62DC6928200A61168 /* WishlistApp.swift in Sources */,
			);
			runOnlyForDeploymentPostprocessing = 0;
		};
		910567FE2DC6928400A61168 /* Sources */ = {
			isa = PBXSourcesBuildPhase;
			buildActionMask = 2147483647;
			files = (
				910568072DC6928400A61168 /* WishlistTests.swift in Sources */,
			);
			runOnlyForDeploymentPostprocessing = 0;
		};
		910568082DC6928400A61168 /* Sources */ = {
			isa = PBXSourcesBuildPhase;
			buildActionMask = 2147483647;
			files = (
				910568132DC6928400A61168 /* WishlistUITestsLaunchTests.swift in Sources */,
				910568112DC6928400A61168 /* WishlistUITests.swift in Sources */,
			);
			runOnlyForDeploymentPostprocessing = 0;
		};
/* End PBXSourcesBuildPhase section */

/* Begin PBXTargetDependency section */
		910568042DC6928400A61168 /* PBXTargetDependency */ = {
			isa = PBXTargetDependency;
			target = 910567F12DC6928200A61168 /* Wishlist */;
			targetProxy = 910568032DC6928400A61168 /* PBXContainerItemProxy */;
		};
		9105680E2DC6928400A61168 /* PBXTargetDependency */ = {
			isa = PBXTargetDependency;
			target = 910567F12DC6928200A61168 /* Wishlist */;
			targetProxy = 9105680D2DC6928400A61168 /* PBXContainerItemProxy */;
		};
/* End PBXTargetDependency section */

/* Begin XCBuildConfiguration section */
		910568142DC6928400A61168 /* Debug */ = {
			isa = XCBuildConfiguration;
			buildSettings = {
				ALWAYS_SEARCH_USER_PATHS = NO;
				CLANG_ANALYZER_NONNULL = YES;
				CLANG_ANALYZER_NUMBER_OBJECT_CONVERSION = YES_AGGRESSIVE;
				CLANG_CXX_LANGUAGE_STANDARD = "gnu++20";
				CLANG_ENABLE_MODULES = YES;
				CLANG_ENABLE_OBJC_ARC = YES;
				CLANG_ENABLE_OBJC_WEAK = YES;
				CLANG_WARN_BLOCK_CAPTURE_AUTORELEASING = YES;
				CLANG_WARN_BOOL_CONVERSION = YES;
				CLANG_WARN_COMMA = YES;
				CLANG_WARN_CONSTANT_CONVERSION = YES;
				CLANG_WARN_DEPRECATED_OBJC_IMPLEMENTATIONS = YES;
				CLANG_WARN_DIRECT_OBJC_ISA_USAGE = YES_ERROR;
				CLANG_WARN_DOCUMENTATION_COMMENTS = YES;
				CLANG_WARN_EMPTY_BODY = YES;
				CLANG_WARN_ENUM_CONVERSION = YES;
				CLANG_WARN_INFINITE_RECURSION = YES;
				CLANG_WARN_INT_CONVERSION = YES;
				CLANG_WARN_NON_LITERAL_NULL_CONVERSION = YES;
				CLANG_WARN_OBJC_IMPLICIT_RETAIN_SELF = YES;
				CLANG_WARN_OBJC_LITERAL_CONVERSION = YES;
				CLANG_WARN_OBJC_ROOT_CLASS = YES_ERROR;
				CLANG_WARN_QUOTED_INCLUDE_IN_FRAMEWORK_HEADER = YES;
				CLANG_WARN_RANGE_LOOP_ANALYSIS = YES;
				CLANG_WARN_STRICT_PROTOTYPES = YES;
				CLANG_WARN_SUSPICIOUS_MOVE = YES;
				CLANG_WARN_UNGUARDED_AVAILABILITY = YES_AGGRESSIVE;
				CLANG_WARN_UNREACHABLE_CODE = YES;
				CLANG_WARN__DUPLICATE_METHOD_MATCH = YES;
				COPY_PHASE_STRIP = NO;
				DEBUG_INFORMATION_FORMAT = dwarf;
				ENABLE_STRICT_OBJC_MSGSEND = YES;
				ENABLE_TESTABILITY = YES;
				GCC_C_LANGUAGE_STANDARD = gnu11;
				GCC_DYNAMIC_NO_PIC = NO;
				GCC_NO_COMMON_BLOCKS = YES;
				GCC_OPTIMIZATION_LEVEL = 0;
				GCC_PREPROCESSOR_DEFINITIONS = (
					"DEBUG=1",
					"$(inherited)",
				);
				GCC_WARN_64_TO_32_BIT_CONVERSION = YES;
				GCC_WARN_ABOUT_RETURN_TYPE = YES_ERROR;
				GCC_WARN_UNDECLARED_SELECTOR = YES;
				GCC_WARN_UNINITIALIZED_AUTOS = YES_AGGRESSIVE;
				GCC_WARN_UNUSED_FUNCTION = YES;
				GCC_WARN_UNUSED_VARIABLE = YES;
				IPHONEOS_DEPLOYMENT_TARGET = 16.4;
				MTL_ENABLE_DEBUG_INFO = INCLUDE_SOURCE;
				MTL_FAST_MATH = YES;
				ONLY_ACTIVE_ARCH = YES;
				SDKROOT = iphoneos;
				SWIFT_ACTIVE_COMPILATION_CONDITIONS = DEBUG;
				SWIFT_OPTIMIZATION_LEVEL = "-Onone";
			};
			name = Debug;
		};
		910568152DC6928400A61168 /* Release */ = {
			isa = XCBuildConfiguration;
			buildSettings = {
				ALWAYS_SEARCH_USER_PATHS = NO;
				CLANG_ANALYZER_NONNULL = YES;
				CLANG_ANALYZER_NUMBER_OBJECT_CONVERSION = YES_AGGRESSIVE;
				CLANG_CXX_LANGUAGE_STANDARD = "gnu++20";
				CLANG_ENABLE_MODULES = YES;
				CLANG_ENABLE_OBJC_ARC = YES;
				CLANG_ENABLE_OBJC_WEAK = YES;
				CLANG_WARN_BLOCK_CAPTURE_AUTORELEASING = YES;
				CLANG_WARN_BOOL_CONVERSION = YES;
				CLANG_WARN_COMMA = YES;
				CLANG_WARN_CONSTANT_CONVERSION = YES;
				CLANG_WARN_DEPRECATED_OBJC_IMPLEMENTATIONS = YES;
				CLANG_WARN_DIRECT_OBJC_ISA_USAGE = YES_ERROR;
				CLANG_WARN_DOCUMENTATION_COMMENTS = YES;
				CLANG_WARN_EMPTY_BODY = YES;
				CLANG_WARN_ENUM_CONVERSION = YES;
				CLANG_WARN_INFINITE_RECURSION = YES;
				CLANG_WARN_INT_CONVERSION = YES;
				CLANG_WARN_NON_LITERAL_NULL_CONVERSION = YES;
				CLANG_WARN_OBJC_IMPLICIT_RETAIN_SELF = YES;
				CLANG_WARN_OBJC_LITERAL_CONVERSION = YES;
				CLANG_WARN_OBJC_ROOT_CLASS = YES_ERROR;
				CLANG_WARN_QUOTED_INCLUDE_IN_FRAMEWORK_HEADER = YES;
				CLANG_WARN_RANGE_LOOP_ANALYSIS = YES;
				CLANG_WARN_STRICT_PROTOTYPES = YES;
				CLANG_WARN_SUSPICIOUS_MOVE = YES;
				CLANG_WARN_UNGUARDED_AVAILABILITY = YES_AGGRESSIVE;
				CLANG_WARN_UNREACHABLE_CODE = YES;
				CLANG_WARN__DUPLICATE_METHOD_MATCH = YES;
				COPY_PHASE_STRIP = NO;
				DEBUG_INFORMATION_FORMAT = "dwarf-with-dsym";
				ENABLE_NS_ASSERTIONS = NO;
				ENABLE_STRICT_OBJC_MSGSEND = YES;
				GCC_C_LANGUAGE_STANDARD = gnu11;
				GCC_NO_COMMON_BLOCKS = YES;
				GCC_WARN_64_TO_32_BIT_CONVERSION = YES;
				GCC_WARN_ABOUT_RETURN_TYPE = YES_ERROR;
				GCC_WARN_UNDECLARED_SELECTOR = YES;
				GCC_WARN_UNINITIALIZED_AUTOS = YES_AGGRESSIVE;
				GCC_WARN_UNUSED_FUNCTION = YES;
				GCC_WARN_UNUSED_VARIABLE = YES;
				IPHONEOS_DEPLOYMENT_TARGET = 16.4;
				MTL_ENABLE_DEBUG_INFO = NO;
				MTL_FAST_MATH = YES;
				SDKROOT = iphoneos;
				SWIFT_COMPILATION_MODE = wholemodule;
				SWIFT_OPTIMIZATION_LEVEL = "-O";
				VALIDATE_PRODUCT = YES;
			};
			name = Release;
		};
		910568172DC6928400A61168 /* Debug */ = {
			isa = XCBuildConfiguration;
			buildSettings = {
				ASSETCATALOG_COMPILER_APPICON_NAME = AppIcon;
				ASSETCATALOG_COMPILER_GLOBAL_ACCENT_COLOR_NAME = AccentColor;
				CODE_SIGN_STYLE = Automatic;
				CURRENT_PROJECT_VERSION = 1;
				DEVELOPMENT_ASSET_PATHS = "\"Wishlist/Preview Content\"";
				ENABLE_PREVIEWS = YES;
				GENERATE_INFOPLIST_FILE = YES;
				INFOPLIST_KEY_UIApplicationSceneManifest_Generation = YES;
				INFOPLIST_KEY_UIApplicationSupportsIndirectInputEvents = YES;
				INFOPLIST_KEY_UILaunchScreen_Generation = YES;
				INFOPLIST_KEY_UISupportedInterfaceOrientations_iPad = "UIInterfaceOrientationPortrait UIInterfaceOrientationPortraitUpsideDown UIInterfaceOrientationLandscapeLeft UIInterfaceOrientationLandscapeRight";
				INFOPLIST_KEY_UISupportedInterfaceOrientations_iPhone = "UIInterfaceOrientationPortrait UIInterfaceOrientationLandscapeLeft UIInterfaceOrientationLandscapeRight";
				LD_RUNPATH_SEARCH_PATHS = (
					"$(inherited)",
					"@executable_path/Frameworks",
				);
				MARKETING_VERSION = 1.0;
				PRODUCT_BUNDLE_IDENTIFIER = SureForPure.Wishlist;
				PRODUCT_NAME = "$(TARGET_NAME)";
				SWIFT_EMIT_LOC_STRINGS = YES;
				SWIFT_VERSION = 5.0;
				TARGETED_DEVICE_FAMILY = "1,2";
			};
			name = Debug;
		};
		910568182DC6928400A61168 /* Release */ = {
			isa = XCBuildConfiguration;
			buildSettings = {
				ASSETCATALOG_COMPILER_APPICON_NAME = AppIcon;
				ASSETCATALOG_COMPILER_GLOBAL_ACCENT_COLOR_NAME = AccentColor;
				CODE_SIGN_STYLE = Automatic;
				CURRENT_PROJECT_VERSION = 1;
				DEVELOPMENT_ASSET_PATHS = "\"Wishlist/Preview Content\"";
				ENABLE_PREVIEWS = YES;
				GENERATE_INFOPLIST_FILE = YES;
				INFOPLIST_KEY_UIApplicationSceneManifest_Generation = YES;
				INFOPLIST_KEY_UIApplicationSupportsIndirectInputEvents = YES;
				INFOPLIST_KEY_UILaunchScreen_Generation = YES;
				INFOPLIST_KEY_UISupportedInterfaceOrientations_iPad = "UIInterfaceOrientationPortrait UIInterfaceOrientationPortraitUpsideDown UIInterfaceOrientationLandscapeLeft UIInterfaceOrientationLandscapeRight";
				INFOPLIST_KEY_UISupportedInterfaceOrientations_iPhone = "UIInterfaceOrientationPortrait UIInterfaceOrientationLandscapeLeft UIInterfaceOrientationLandscapeRight";
				LD_RUNPATH_SEARCH_PATHS = (
					"$(inherited)",
					"@executable_path/Frameworks",
				);
				MARKETING_VERSION = 1.0;
				PRODUCT_BUNDLE_IDENTIFIER = SureForPure.Wishlist;
				PRODUCT_NAME = "$(TARGET_NAME)";
				SWIFT_EMIT_LOC_STRINGS = YES;
				SWIFT_VERSION = 5.0;
				TARGETED_DEVICE_FAMILY = "1,2";
			};
			name = Release;
		};
		9105681A2DC6928400A61168 /* Debug */ = {
			isa = XCBuildConfiguration;
			buildSettings = {
				ALWAYS_EMBED_SWIFT_STANDARD_LIBRARIES = YES;
				BUNDLE_LOADER = "$(TEST_HOST)";
				CODE_SIGN_STYLE = Automatic;
				CURRENT_PROJECT_VERSION = 1;
				GENERATE_INFOPLIST_FILE = YES;
				IPHONEOS_DEPLOYMENT_TARGET = 16.4;
				MARKETING_VERSION = 1.0;
				PRODUCT_BUNDLE_IDENTIFIER = SureForPure.WishlistTests;
				PRODUCT_NAME = "$(TARGET_NAME)";
				SWIFT_EMIT_LOC_STRINGS = NO;
				SWIFT_VERSION = 5.0;
				TARGETED_DEVICE_FAMILY = "1,2";
				TEST_HOST = "$(BUILT_PRODUCTS_DIR)/Wishlist.app/$(BUNDLE_EXECUTABLE_FOLDER_PATH)/Wishlist";
			};
			name = Debug;
		};
		9105681B2DC6928400A61168 /* Release */ = {
			isa = XCBuildConfiguration;
			buildSettings = {
				ALWAYS_EMBED_SWIFT_STANDARD_LIBRARIES = YES;
				BUNDLE_LOADER = "$(TEST_HOST)";
				CODE_SIGN_STYLE = Automatic;
				CURRENT_PROJECT_VERSION = 1;
				GENERATE_INFOPLIST_FILE = YES;
				IPHONEOS_DEPLOYMENT_TARGET = 16.4;
				MARKETING_VERSION = 1.0;
				PRODUCT_BUNDLE_IDENTIFIER = SureForPure.WishlistTests;
				PRODUCT_NAME = "$(TARGET_NAME)";
				SWIFT_EMIT_LOC_STRINGS = NO;
				SWIFT_VERSION = 5.0;
				TARGETED_DEVICE_FAMILY = "1,2";
				TEST_HOST = "$(BUILT_PRODUCTS_DIR)/Wishlist.app/$(BUNDLE_EXECUTABLE_FOLDER_PATH)/Wishlist";
			};
			name = Release;
		};
		9105681D2DC6928400A61168 /* Debug */ = {
			isa = XCBuildConfiguration;
			buildSettings = {
				ALWAYS_EMBED_SWIFT_STANDARD_LIBRARIES = YES;
				CODE_SIGN_STYLE = Automatic;
				CURRENT_PROJECT_VERSION = 1;
				GENERATE_INFOPLIST_FILE = YES;
				MARKETING_VERSION = 1.0;
				PRODUCT_BUNDLE_IDENTIFIER = SureForPure.WishlistUITests;
				PRODUCT_NAME = "$(TARGET_NAME)";
				SWIFT_EMIT_LOC_STRINGS = NO;
				SWIFT_VERSION = 5.0;
				TARGETED_DEVICE_FAMILY = "1,2";
				TEST_TARGET_NAME = Wishlist;
			};
			name = Debug;
		};
		9105681E2DC6928400A61168 /* Release */ = {
			isa = XCBuildConfiguration;
			buildSettings = {
				ALWAYS_EMBED_SWIFT_STANDARD_LIBRARIES = YES;
				CODE_SIGN_STYLE = Automatic;
				CURRENT_PROJECT_VERSION = 1;
				GENERATE_INFOPLIST_FILE = YES;
				MARKETING_VERSION = 1.0;
				PRODUCT_BUNDLE_IDENTIFIER = SureForPure.WishlistUITests;
				PRODUCT_NAME = "$(TARGET_NAME)";
				SWIFT_EMIT_LOC_STRINGS = NO;
				SWIFT_VERSION = 5.0;
				TARGETED_DEVICE_FAMILY = "1,2";
				TEST_TARGET_NAME = Wishlist;
			};
			name = Release;
		};
/* End XCBuildConfiguration section */

/* Begin XCConfigurationList section */
		910567ED2DC6928200A61168 /* Build configuration list for PBXProject "Wishlist" */ = {
			isa = XCConfigurationList;
			buildConfigurations = (
				910568142DC6928400A61168 /* Debug */,
				910568152DC6928400A61168 /* Release */,
			);
			defaultConfigurationIsVisible = 0;
			defaultConfigurationName = Release;
		};
		910568162DC6928400A61168 /* Build configuration list for PBXNativeTarget "Wishlist" */ = {
			isa = XCConfigurationList;
			buildConfigurations = (
				910568172DC6928400A61168 /* Debug */,
				910568182DC6928400A61168 /* Release */,
			);
			defaultConfigurationIsVisible = 0;
			defaultConfigurationName = Release;
		};
		910568192DC6928400A61168 /* Build configuration list for PBXNativeTarget "WishlistTests" */ = {
			isa = XCConfigurationList;
			buildConfigurations = (
				9105681A2DC6928400A61168 /* Debug */,
				9105681B2DC6928400A61168 /* Release */,
			);
			defaultConfigurationIsVisible = 0;
			defaultConfigurationName = Release;
		};
		9105681C2DC6928400A61168 /* Build configuration list for PBXNativeTarget "WishlistUITests" */ = {
			isa = XCConfigurationList;
			buildConfigurations = (
				9105681D2DC6928400A61168 /* Debug */,
				9105681E2DC6928400A61168 /* Release */,
			);
			defaultConfigurationIsVisible = 0;
			defaultConfigurationName = Release;
		};
/* End XCConfigurationList section */
	};
	rootObject = 910567EA2DC6928200A61168 /* Project object */;
}
